
Microsoft Visual Studio Solution File, Format Version 11.00
# Visual Studio 2010
Project("{8BC9CEB8-8B4A-11D0-8D11-00A0C91BC942}") = "opencvblobslib", "opencvblobslib.vcxproj", "{61FEF7C2-94FA-3E01-F5E3-575FE2776C74}"
EndProject
Project("{8BC9CEB8-8B4A-11D0-8D11-00A0C91BC942}") = "opencvBlobsExample", "opencvblobslibExample\opencvBlobsExample.vcxproj", "{B05E7416-3460-44AE-B249-9AFE703B9FAD}"
	ProjectSection(ProjectDependencies) = postProject
		{61FEF7C2-94FA-3E01-F5E3-575FE2776C74} = {61FEF7C2-94FA-3E01-F5E3-575FE2776C74}
	EndProjectSection
EndProject
Project("{2150E333-8FDC-42A3-9474-1A3956D46DE8}") = "Solution Items", "Solution Items", "{5056F5F9-2831-4845-9FE7-CD92A09EBE47}"
EndProject
Global
	GlobalSection(SubversionScc) = preSolution
		Svn-Managed = True
		Manager = AnkhSVN - Subversion Support for Visual Studio
	EndGlobalSection
	GlobalSection(SolutionConfigurationPlatforms) = preSolution
		Debug|Win32 = Debug|Win32
		Release|Win32 = Release|Win32
	EndGlobalSection
	GlobalSection(ProjectConfigurationPlatforms) = postSolution
		{61FEF7C2-94FA-3E01-F5E3-575FE2776C74}.Debug|Win32.ActiveCfg = Debug|Win32
		{61FEF7C2-94FA-3E01-F5E3-575FE2776C74}.Debug|Win32.Build.0 = Debug|Win32
		{61FEF7C2-94FA-3E01-F5E3-575FE2776C74}.Release|Win32.ActiveCfg = Release|Win32
		{61FEF7C2-94FA-3E01-F5E3-575FE2776C74}.Release|Win32.Build.0 = Release|Win32
		{B05E7416-3460-44AE-B249-9AFE703B9FAD}.Debug|Win32.ActiveCfg = Debug|Win32
		{B05E7416-3460-44AE-B249-9AFE703B9FAD}.Debug|Win32.Build.0 = Debug|Win32
		{B05E7416-3460-44AE-B249-9AFE703B9FAD}.Release|Win32.ActiveCfg = Release|Win32
		{B05E7416-3460-44AE-B249-9AFE703B9FAD}.Release|Win32.Build.0 = Release|Win32
	EndGlobalSection
	GlobalSection(SolutionProperties) = preSolution
		HideSolutionNode = FALSE
	EndGlobalSection
EndGlobal
