<?xml version="1.0" encoding="utf-8"?>
<Project ToolsVersion="4.0" xmlns="http://schemas.microsoft.com/developer/msbuild/2003">
  <ItemGroup>
    <Filter Include="Source Files">
      <UniqueIdentifier>{72900c11-11dd-48c0-b9a2-80727755e795}</UniqueIdentifier>
      <Extensions>cpp;c;cxx;rc;def;r;odl;idl;hpj;bat</Extensions>
    </Filter>
    <Filter Include="Header Files">
      <UniqueIdentifier>{fd4e8039-9fbe-4cff-933d-b768eb4c0e1f}</UniqueIdentifier>
      <Extensions>h;hpp;hxx;hm;inl</Extensions>
    </Filter>
  </ItemGroup>
  <ItemGroup>
    <ClCompile Include="blob.cpp">
      <Filter>Source Files</Filter>
    </ClCompile>
    <ClCompile Include="BlobContour.cpp">
      <Filter>Source Files</Filter>
    </ClCompile>
    <ClCompile Include="BlobOperators.cpp">
      <Filter>Source Files</Filter>
    </ClCompile>
    <ClCompile Include="BlobResult.cpp">
      <Filter>Source Files</Filter>
    </ClCompile>
    <ClCompile Include="ComponentLabeling.cpp">
      <Filter>Source Files</Filter>
    </ClCompile>
    <ClCompile Include="Segment.cpp">
      <Filter>Source Files</Filter>
    </ClCompile>
  </ItemGroup>
  <ItemGroup>
    <ClInclude Include="blob.h">
      <Filter>Header Files</Filter>
    </ClInclude>
    <ClInclude Include="BlobContour.h">
      <Filter>Header Files</Filter>
    </ClInclude>
    <ClInclude Include="BlobLibraryConfiguration.h">
      <Filter>Header Files</Filter>
    </ClInclude>
    <ClInclude Include="BlobOperators.h">
      <Filter>Header Files</Filter>
    </ClInclude>
    <ClInclude Include="BlobResult.h">
      <Filter>Header Files</Filter>
    </ClInclude>
    <ClInclude Include="ComponentLabeling.h">
      <Filter>Header Files</Filter>
    </ClInclude>
    <ClInclude Include="Segment.h">
      <Filter>Header Files</Filter>
    </ClInclude>
  </ItemGroup>
</Project>